
Microsoft Visual Studio Solution File, Format Version 12.00
# Visual Studio Version 16
VisualStudioVersion = 16.0.30517.126
MinimumVisualStudioVersion = 10.0.40219.1
Project("{FAE04EC0-301F-11D3-BF4B-00C04F79EFBC}") = "ZhaoAdminCore.API", "ZhaoAdminCore.API\ZhaoAdminCore.API.csproj", "{9BB0D667-9075-4419-B000-5F5E89EEF2C6}"
EndProject
Project("{2150E333-8FDC-42A3-9474-1A3956D46DE8}") = "02.Application", "02.Application", "{F3A925AB-C359-4618-9844-39E456D6F30B}"
EndProject
Project("{2150E333-8FDC-42A3-9474-1A3956D46DE8}") = "01.UI", "01.UI", "{BE2EB4E2-B506-481A-8129-FAAD3F0AF4B2}"
EndProject
Project("{2150E333-8FDC-42A3-9474-1A3956D46DE8}") = "03.Repository", "03.Repository", "{49419426-CC37-4D69-BCF7-EC9D011550C3}"
EndProject
Project("{2150E333-8FDC-42A3-9474-1A3956D46DE8}") = "04.Domain", "04.Domain", "{F487BFC8-F57E-4C02-8015-C6415E24E0F7}"
EndProject
Project("{2150E333-8FDC-42A3-9474-1A3956D46DE8}") = "05.Infrastructure", "05.Infrastructure", "{A11192F7-EDC0-41A4-BAC2-F2427D4D407C}"
EndProject
Project("{FAE04EC0-301F-11D3-BF4B-00C04F79EFBC}") = "ZhaoAdminCore.API.Services", "ZhaoAdminCore.API.Services\ZhaoAdminCore.API.Services.csproj", "{1BDFF235-022A-46B5-8348-004E285BF589}"
EndProject
Project("{FAE04EC0-301F-11D3-BF4B-00C04F79EFBC}") = "ZhaoAdminCore.API.IServices", "ZhaoAdminCore.API.IServices\ZhaoAdminCore.API.IServices.csproj", "{8D6C4863-48AA-496F-BA87-23DB2E7128E8}"
EndProject
Project("{FAE04EC0-301F-11D3-BF4B-00C04F79EFBC}") = "ZhaoAdminCore.API.IRepository", "ZhaoAdminCore.API.IRepository\ZhaoAdminCore.API.IRepository.csproj", "{E5AC6AF7-EE19-4ED3-904B-EED43BCECF53}"
EndProject
Project("{FAE04EC0-301F-11D3-BF4B-00C04F79EFBC}") = "ZhaoAdminCore.API.Repository", "ZhaoAdminCore.API.Repository\ZhaoAdminCore.API.Repository.csproj", "{B090E000-F89F-45EB-85D8-43BED67F85B1}"
EndProject
Project("{FAE04EC0-301F-11D3-BF4B-00C04F79EFBC}") = "ZhaoAdminCore.API.Model", "ZhaoAdminCore.API.Model\ZhaoAdminCore.API.Model.csproj", "{09F2793B-9115-4ED0-8A13-92C8EAE63123}"
EndProject
Project("{FAE04EC0-301F-11D3-BF4B-00C04F79EFBC}") = "ZhaoAdminCore.API.Common", "ZhaoAdminCore.API.Common\ZhaoAdminCore.API.Common.csproj", "{EDB35C81-D213-463C-B82F-9FCA62493599}"
EndProject
Project("{FAE04EC0-301F-11D3-BF4B-00C04F79EFBC}") = "ZhaoAdminCore.API.Tasks", "ZhaoAdminCore.API.Tasks\ZhaoAdminCore.API.Tasks.csproj", "{6A8273E6-5E11-4F87-8B36-7E353CCB60B3}"
EndProject
Global
	GlobalSection(SolutionConfigurationPlatforms) = preSolution
		Debug|Any CPU = Debug|Any CPU
		Release|Any CPU = Release|Any CPU
	EndGlobalSection
	GlobalSection(ProjectConfigurationPlatforms) = postSolution
		{9BB0D667-9075-4419-B000-5F5E89EEF2C6}.Debug|Any CPU.ActiveCfg = Debug|Any CPU
		{9BB0D667-9075-4419-B000-5F5E89EEF2C6}.Debug|Any CPU.Build.0 = Debug|Any CPU
		{9BB0D667-9075-4419-B000-5F5E89EEF2C6}.Release|Any CPU.ActiveCfg = Release|Any CPU
		{9BB0D667-9075-4419-B000-5F5E89EEF2C6}.Release|Any CPU.Build.0 = Release|Any CPU
		{1BDFF235-022A-46B5-8348-004E285BF589}.Debug|Any CPU.ActiveCfg = Debug|Any CPU
		{1BDFF235-022A-46B5-8348-004E285BF589}.Debug|Any CPU.Build.0 = Debug|Any CPU
		{1BDFF235-022A-46B5-8348-004E285BF589}.Release|Any CPU.ActiveCfg = Release|Any CPU
		{1BDFF235-022A-46B5-8348-004E285BF589}.Release|Any CPU.Build.0 = Release|Any CPU
		{8D6C4863-48AA-496F-BA87-23DB2E7128E8}.Debug|Any CPU.ActiveCfg = Debug|Any CPU
		{8D6C4863-48AA-496F-BA87-23DB2E7128E8}.Debug|Any CPU.Build.0 = Debug|Any CPU
		{8D6C4863-48AA-496F-BA87-23DB2E7128E8}.Release|Any CPU.ActiveCfg = Release|Any CPU
		{8D6C4863-48AA-496F-BA87-23DB2E7128E8}.Release|Any CPU.Build.0 = Release|Any CPU
		{E5AC6AF7-EE19-4ED3-904B-EED43BCECF53}.Debug|Any CPU.ActiveCfg = Debug|Any CPU
		{E5AC6AF7-EE19-4ED3-904B-EED43BCECF53}.Debug|Any CPU.Build.0 = Debug|Any CPU
		{E5AC6AF7-EE19-4ED3-904B-EED43BCECF53}.Release|Any CPU.ActiveCfg = Release|Any CPU
		{E5AC6AF7-EE19-4ED3-904B-EED43BCECF53}.Release|Any CPU.Build.0 = Release|Any CPU
		{B090E000-F89F-45EB-85D8-43BED67F85B1}.Debug|Any CPU.ActiveCfg = Debug|Any CPU
		{B090E000-F89F-45EB-85D8-43BED67F85B1}.Debug|Any CPU.Build.0 = Debug|Any CPU
		{B090E000-F89F-45EB-85D8-43BED67F85B1}.Release|Any CPU.ActiveCfg = Release|Any CPU
		{B090E000-F89F-45EB-85D8-43BED67F85B1}.Release|Any CPU.Build.0 = Release|Any CPU
		{09F2793B-9115-4ED0-8A13-92C8EAE63123}.Debug|Any CPU.ActiveCfg = Debug|Any CPU
		{09F2793B-9115-4ED0-8A13-92C8EAE63123}.Debug|Any CPU.Build.0 = Debug|Any CPU
		{09F2793B-9115-4ED0-8A13-92C8EAE63123}.Release|Any CPU.ActiveCfg = Release|Any CPU
		{09F2793B-9115-4ED0-8A13-92C8EAE63123}.Release|Any CPU.Build.0 = Release|Any CPU
		{EDB35C81-D213-463C-B82F-9FCA62493599}.Debug|Any CPU.ActiveCfg = Debug|Any CPU
		{EDB35C81-D213-463C-B82F-9FCA62493599}.Debug|Any CPU.Build.0 = Debug|Any CPU
		{EDB35C81-D213-463C-B82F-9FCA62493599}.Release|Any CPU.ActiveCfg = Release|Any CPU
		{EDB35C81-D213-463C-B82F-9FCA62493599}.Release|Any CPU.Build.0 = Release|Any CPU
		{6A8273E6-5E11-4F87-8B36-7E353CCB60B3}.Debug|Any CPU.ActiveCfg = Debug|Any CPU
		{6A8273E6-5E11-4F87-8B36-7E353CCB60B3}.Debug|Any CPU.Build.0 = Debug|Any CPU
		{6A8273E6-5E11-4F87-8B36-7E353CCB60B3}.Release|Any CPU.ActiveCfg = Release|Any CPU
		{6A8273E6-5E11-4F87-8B36-7E353CCB60B3}.Release|Any CPU.Build.0 = Release|Any CPU
	EndGlobalSection
	GlobalSection(SolutionProperties) = preSolution
		HideSolutionNode = FALSE
	EndGlobalSection
	GlobalSection(NestedProjects) = preSolution
		{9BB0D667-9075-4419-B000-5F5E89EEF2C6} = {BE2EB4E2-B506-481A-8129-FAAD3F0AF4B2}
		{1BDFF235-022A-46B5-8348-004E285BF589} = {F3A925AB-C359-4618-9844-39E456D6F30B}
		{8D6C4863-48AA-496F-BA87-23DB2E7128E8} = {F3A925AB-C359-4618-9844-39E456D6F30B}
		{E5AC6AF7-EE19-4ED3-904B-EED43BCECF53} = {49419426-CC37-4D69-BCF7-EC9D011550C3}
		{B090E000-F89F-45EB-85D8-43BED67F85B1} = {49419426-CC37-4D69-BCF7-EC9D011550C3}
		{09F2793B-9115-4ED0-8A13-92C8EAE63123} = {F487BFC8-F57E-4C02-8015-C6415E24E0F7}
		{EDB35C81-D213-463C-B82F-9FCA62493599} = {A11192F7-EDC0-41A4-BAC2-F2427D4D407C}
		{6A8273E6-5E11-4F87-8B36-7E353CCB60B3} = {A11192F7-EDC0-41A4-BAC2-F2427D4D407C}
	EndGlobalSection
	GlobalSection(ExtensibilityGlobals) = postSolution
		SolutionGuid = {55DF26AD-C78E-4DA7-9172-6471ACCA50A3}
	EndGlobalSection
EndGlobal
